
Microsoft Visual Studio Solution File, Format Version 12.00
# Visual Studio Version 17
VisualStudioVersion = 17.13.35931.197 d17.13
MinimumVisualStudioVersion = 10.0.40219.1
Project("{FAE04EC0-301F-11D3-BF4B-00C04F79EFBC}") = "Store.G02.Api", "Store.G02.Api\Store.G02.Api.csproj", "{00A18592-480B-4DEB-9946-510055B0496F}"
EndProject
Project("{2150E333-8FDC-42A3-9474-1A3956D46DE8}") = "Core", "Core", "{02EA681E-C7D8-13C7-8484-4AC65E1B71E8}"
EndProject
Project("{FAE04EC0-301F-11D3-BF4B-00C04F79EFBC}") = "Domain", "Core\Domain\Domain.csproj", "{B604D874-168D-4884-9125-7C7D1DDB0E99}"
EndProject
Project("{FAE04EC0-301F-11D3-BF4B-00C04F79EFBC}") = "Services", "Core\Services\Services.csproj", "{DAF03F72-5015-44DC-9646-1B45CAFB5E12}"
EndProject
Project("{FAE04EC0-301F-11D3-BF4B-00C04F79EFBC}") = "ServicesAbstraction", "Core\ServicesAbstraction\ServicesAbstraction.csproj", "{E5488464-61E6-45AB-B4A8-034707F6CE26}"
EndProject
Project("{2150E333-8FDC-42A3-9474-1A3956D46DE8}") = "Infrastructure", "Infrastructure", "{900979DD-30F7-41CC-9DF9-EBF0069A9756}"
EndProject
Project("{FAE04EC0-301F-11D3-BF4B-00C04F79EFBC}") = "Persistence", "Infrastructure\Persistence\Persistence.csproj", "{FEF1DC33-5112-4E72-911A-8725BBBC3E97}"
EndProject
Project("{FAE04EC0-301F-11D3-BF4B-00C04F79EFBC}") = "Presentation", "Infrastructure\Presentation\Presentation.csproj", "{E6EBFEDB-31C9-4B85-A8DE-49BFEDD090CB}"
EndProject
Project("{FAE04EC0-301F-11D3-BF4B-00C04F79EFBC}") = "Shared", "Shared\Shared.csproj", "{C03CD603-7B5C-44BC-A479-C0E9C008446D}"
EndProject
Global
	GlobalSection(SolutionConfigurationPlatforms) = preSolution
		Debug|Any CPU = Debug|Any CPU
		Release|Any CPU = Release|Any CPU
	EndGlobalSection
	GlobalSection(ProjectConfigurationPlatforms) = postSolution
		{00A18592-480B-4DEB-9946-510055B0496F}.Debug|Any CPU.ActiveCfg = Debug|Any CPU
		{00A18592-480B-4DEB-9946-510055B0496F}.Debug|Any CPU.Build.0 = Debug|Any CPU
		{00A18592-480B-4DEB-9946-510055B0496F}.Release|Any CPU.ActiveCfg = Release|Any CPU
		{00A18592-480B-4DEB-9946-510055B0496F}.Release|Any CPU.Build.0 = Release|Any CPU
		{B604D874-168D-4884-9125-7C7D1DDB0E99}.Debug|Any CPU.ActiveCfg = Debug|Any CPU
		{B604D874-168D-4884-9125-7C7D1DDB0E99}.Debug|Any CPU.Build.0 = Debug|Any CPU
		{B604D874-168D-4884-9125-7C7D1DDB0E99}.Release|Any CPU.ActiveCfg = Release|Any CPU
		{B604D874-168D-4884-9125-7C7D1DDB0E99}.Release|Any CPU.Build.0 = Release|Any CPU
		{DAF03F72-5015-44DC-9646-1B45CAFB5E12}.Debug|Any CPU.ActiveCfg = Debug|Any CPU
		{DAF03F72-5015-44DC-9646-1B45CAFB5E12}.Debug|Any CPU.Build.0 = Debug|Any CPU
		{DAF03F72-5015-44DC-9646-1B45CAFB5E12}.Release|Any CPU.ActiveCfg = Release|Any CPU
		{DAF03F72-5015-44DC-9646-1B45CAFB5E12}.Release|Any CPU.Build.0 = Release|Any CPU
		{E5488464-61E6-45AB-B4A8-034707F6CE26}.Debug|Any CPU.ActiveCfg = Debug|Any CPU
		{E5488464-61E6-45AB-B4A8-034707F6CE26}.Debug|Any CPU.Build.0 = Debug|Any CPU
		{E5488464-61E6-45AB-B4A8-034707F6CE26}.Release|Any CPU.ActiveCfg = Release|Any CPU
		{E5488464-61E6-45AB-B4A8-034707F6CE26}.Release|Any CPU.Build.0 = Release|Any CPU
		{FEF1DC33-5112-4E72-911A-8725BBBC3E97}.Debug|Any CPU.ActiveCfg = Debug|Any CPU
		{FEF1DC33-5112-4E72-911A-8725BBBC3E97}.Debug|Any CPU.Build.0 = Debug|Any CPU
		{FEF1DC33-5112-4E72-911A-8725BBBC3E97}.Release|Any CPU.ActiveCfg = Release|Any CPU
		{FEF1DC33-5112-4E72-911A-8725BBBC3E97}.Release|Any CPU.Build.0 = Release|Any CPU
		{E6EBFEDB-31C9-4B85-A8DE-49BFEDD090CB}.Debug|Any CPU.ActiveCfg = Debug|Any CPU
		{E6EBFEDB-31C9-4B85-A8DE-49BFEDD090CB}.Debug|Any CPU.Build.0 = Debug|Any CPU
		{E6EBFEDB-31C9-4B85-A8DE-49BFEDD090CB}.Release|Any CPU.ActiveCfg = Release|Any CPU
		{E6EBFEDB-31C9-4B85-A8DE-49BFEDD090CB}.Release|Any CPU.Build.0 = Release|Any CPU
		{C03CD603-7B5C-44BC-A479-C0E9C008446D}.Debug|Any CPU.ActiveCfg = Debug|Any CPU
		{C03CD603-7B5C-44BC-A479-C0E9C008446D}.Debug|Any CPU.Build.0 = Debug|Any CPU
		{C03CD603-7B5C-44BC-A479-C0E9C008446D}.Release|Any CPU.ActiveCfg = Release|Any CPU
		{C03CD603-7B5C-44BC-A479-C0E9C008446D}.Release|Any CPU.Build.0 = Release|Any CPU
	EndGlobalSection
	GlobalSection(SolutionProperties) = preSolution
		HideSolutionNode = FALSE
	EndGlobalSection
	GlobalSection(NestedProjects) = preSolution
		{B604D874-168D-4884-9125-7C7D1DDB0E99} = {02EA681E-C7D8-13C7-8484-4AC65E1B71E8}
		{DAF03F72-5015-44DC-9646-1B45CAFB5E12} = {02EA681E-C7D8-13C7-8484-4AC65E1B71E8}
		{E5488464-61E6-45AB-B4A8-034707F6CE26} = {02EA681E-C7D8-13C7-8484-4AC65E1B71E8}
		{FEF1DC33-5112-4E72-911A-8725BBBC3E97} = {900979DD-30F7-41CC-9DF9-EBF0069A9756}
		{E6EBFEDB-31C9-4B85-A8DE-49BFEDD090CB} = {900979DD-30F7-41CC-9DF9-EBF0069A9756}
	EndGlobalSection
	GlobalSection(ExtensibilityGlobals) = postSolution
		SolutionGuid = {6A3A4F23-0E83-4308-A1EA-BBDF6E96A270}
	EndGlobalSection
EndGlobal
